
Microsoft Visual Studio Solution File, Format Version 12.00
# Visual Studio Version 16
VisualStudioVersion = 16.0.31605.320
MinimumVisualStudioVersion = 10.0.40219.1
Project("{FAE04EC0-301F-11D3-BF4B-00C04F79EFBC}") = "SimpleApiTest", "SimpleApiTest.csproj", "{A621469D-CD6F-4AFA-BFCD-4FA9C3BF4289}"
EndProject
Global
	GlobalSection(SolutionConfigurationPlatforms) = preSolution
		Debug|Any CPU = Debug|Any CPU
		Release|Any CPU = Release|Any CPU
	EndGlobalSection
	GlobalSection(ProjectConfigurationPlatforms) = postSolution
		{A621469D-CD6F-4AFA-BFCD-4FA9C3BF4289}.Debug|Any CPU.ActiveCfg = Debug|Any CPU
		{A621469D-CD6F-4AFA-BFCD-4FA9C3BF4289}.Debug|Any CPU.Build.0 = Debug|Any CPU
		{A621469D-CD6F-4AFA-BFCD-4FA9C3BF4289}.Release|Any CPU.ActiveCfg = Release|Any CPU
		{A621469D-CD6F-4AFA-BFCD-4FA9C3BF4289}.Release|Any CPU.Build.0 = Release|Any CPU
	EndGlobalSection
	GlobalSection(SolutionProperties) = preSolution
		HideSolutionNode = FALSE
	EndGlobalSection
	GlobalSection(ExtensibilityGlobals) = postSolution
		SolutionGuid = {A5AB5630-9496-4535-A54C-914D417767FF}
	EndGlobalSection
EndGlobal
